
Microsoft Visual Studio Solution File, Format Version 12.00
# Visual Studio Version 17
VisualStudioVersion = 17.3.32929.385
MinimumVisualStudioVersion = 10.0.40219.1
Project("{FAE04EC0-301F-11D3-BF4B-00C04F79EFBC}") = "SquaresApp.Api", "SquaresApp.Api\SquaresApp.Api.csproj", "{D5285114-5931-4074-821D-1F7163EDFCE9}"
EndProject
Project("{FAE04EC0-301F-11D3-BF4B-00C04F79EFBC}") = "SquaresApp.Storage", "SquaresApp.Storage\SquaresApp.Storage.csproj", "{5ACDC00C-BC5F-4F72-8A89-0C830473720E}"
EndProject
Project("{FAE04EC0-301F-11D3-BF4B-00C04F79EFBC}") = "SquaresApp.Core", "SquaresApp.Core\SquaresApp.Core.csproj", "{8901591B-3934-4B1D-BBD7-2A87C7D25879}"
EndProject
Project("{FAE04EC0-301F-11D3-BF4B-00C04F79EFBC}") = "SquaresApp.Tests", "SquaresApp.Tests\SquaresApp.Tests.csproj", "{0A9240C2-62F0-4E93-B155-DBD64677234C}"
EndProject
Project("{FAE04EC0-301F-11D3-BF4B-00C04F79EFBC}") = "SquaresApp.Models", "SquaresApp.Models\SquaresApp.Models.csproj", "{C4187271-0504-44AA-A395-F28FA5608410}"
EndProject
Global
	GlobalSection(SolutionConfigurationPlatforms) = preSolution
		Debug|Any CPU = Debug|Any CPU
		Release|Any CPU = Release|Any CPU
	EndGlobalSection
	GlobalSection(ProjectConfigurationPlatforms) = postSolution
		{D5285114-5931-4074-821D-1F7163EDFCE9}.Debug|Any CPU.ActiveCfg = Debug|Any CPU
		{D5285114-5931-4074-821D-1F7163EDFCE9}.Debug|Any CPU.Build.0 = Debug|Any CPU
		{D5285114-5931-4074-821D-1F7163EDFCE9}.Release|Any CPU.ActiveCfg = Release|Any CPU
		{D5285114-5931-4074-821D-1F7163EDFCE9}.Release|Any CPU.Build.0 = Release|Any CPU
		{5ACDC00C-BC5F-4F72-8A89-0C830473720E}.Debug|Any CPU.ActiveCfg = Debug|Any CPU
		{5ACDC00C-BC5F-4F72-8A89-0C830473720E}.Debug|Any CPU.Build.0 = Debug|Any CPU
		{5ACDC00C-BC5F-4F72-8A89-0C830473720E}.Release|Any CPU.ActiveCfg = Release|Any CPU
		{5ACDC00C-BC5F-4F72-8A89-0C830473720E}.Release|Any CPU.Build.0 = Release|Any CPU
		{8901591B-3934-4B1D-BBD7-2A87C7D25879}.Debug|Any CPU.ActiveCfg = Debug|Any CPU
		{8901591B-3934-4B1D-BBD7-2A87C7D25879}.Debug|Any CPU.Build.0 = Debug|Any CPU
		{8901591B-3934-4B1D-BBD7-2A87C7D25879}.Release|Any CPU.ActiveCfg = Release|Any CPU
		{8901591B-3934-4B1D-BBD7-2A87C7D25879}.Release|Any CPU.Build.0 = Release|Any CPU
		{0A9240C2-62F0-4E93-B155-DBD64677234C}.Debug|Any CPU.ActiveCfg = Debug|Any CPU
		{0A9240C2-62F0-4E93-B155-DBD64677234C}.Debug|Any CPU.Build.0 = Debug|Any CPU
		{0A9240C2-62F0-4E93-B155-DBD64677234C}.Release|Any CPU.ActiveCfg = Release|Any CPU
		{0A9240C2-62F0-4E93-B155-DBD64677234C}.Release|Any CPU.Build.0 = Release|Any CPU
		{C4187271-0504-44AA-A395-F28FA5608410}.Debug|Any CPU.ActiveCfg = Debug|Any CPU
		{C4187271-0504-44AA-A395-F28FA5608410}.Debug|Any CPU.Build.0 = Debug|Any CPU
		{C4187271-0504-44AA-A395-F28FA5608410}.Release|Any CPU.ActiveCfg = Release|Any CPU
		{C4187271-0504-44AA-A395-F28FA5608410}.Release|Any CPU.Build.0 = Release|Any CPU
	EndGlobalSection
	GlobalSection(SolutionProperties) = preSolution
		HideSolutionNode = FALSE
	EndGlobalSection
	GlobalSection(ExtensibilityGlobals) = postSolution
		SolutionGuid = {07ACE20B-A7B1-4F33-B347-10F52AB5B5E5}
	EndGlobalSection
EndGlobal
